
Microsoft Visual Studio Solution File, Format Version 12.00
# Visual Studio Version 17
VisualStudioVersion = 17.8.34212.112
MinimumVisualStudioVersion = 10.0.40219.1
Project("{FAE04EC0-301F-11D3-BF4B-00C04F79EFBC}") = "Gui", "Gui\Gui.csproj", "{9B816F08-2B33-4E92-B317-68F91FE8344E}"
EndProject
Project("{FAE04EC0-301F-11D3-BF4B-00C04F79EFBC}") = "UtilsLib", "UtilsLib\UtilsLib.csproj", "{03E2D33B-6FFB-419F-A916-BDA473C8EF4A}"
EndProject
Global
	GlobalSection(SolutionConfigurationPlatforms) = preSolution
		Debug|Any CPU = Debug|Any CPU
		Release|Any CPU = Release|Any CPU
	EndGlobalSection
	GlobalSection(ProjectConfigurationPlatforms) = postSolution
		{9B816F08-2B33-4E92-B317-68F91FE8344E}.Debug|Any CPU.ActiveCfg = Debug|Any CPU
		{9B816F08-2B33-4E92-B317-68F91FE8344E}.Debug|Any CPU.Build.0 = Debug|Any CPU
		{9B816F08-2B33-4E92-B317-68F91FE8344E}.Release|Any CPU.ActiveCfg = Release|Any CPU
		{9B816F08-2B33-4E92-B317-68F91FE8344E}.Release|Any CPU.Build.0 = Release|Any CPU
		{03E2D33B-6FFB-419F-A916-BDA473C8EF4A}.Debug|Any CPU.ActiveCfg = Debug|Any CPU
		{03E2D33B-6FFB-419F-A916-BDA473C8EF4A}.Debug|Any CPU.Build.0 = Debug|Any CPU
		{03E2D33B-6FFB-419F-A916-BDA473C8EF4A}.Release|Any CPU.ActiveCfg = Release|Any CPU
		{03E2D33B-6FFB-419F-A916-BDA473C8EF4A}.Release|Any CPU.Build.0 = Release|Any CPU
	EndGlobalSection
	GlobalSection(SolutionProperties) = preSolution
		HideSolutionNode = FALSE
	EndGlobalSection
	GlobalSection(ExtensibilityGlobals) = postSolution
		SolutionGuid = {17727C0F-1DCC-4275-ACF4-C26BA25D7DD2}
	EndGlobalSection
EndGlobal
